PODS:
  - FlutterMacOS (1.0.0)
  - hyphen (0.0.1):
    - FlutterMacOS

DEPENDENCIES:
  - FlutterMacOS (from `Flutter/ephemeral`)
  - hyphen (from `Flutter/ephemeral/.symlinks/plugins/hyphen/macos`)

EXTERNAL SOURCES:
  FlutterMacOS:
    :path: Flutter/ephemeral
  hyphen:
    :path: Flutter/ephemeral/.symlinks/plugins/hyphen/macos

SPEC CHECKSUMS:
  FlutterMacOS: 8f6f14fa908a6fb3fba0cd85dbd81ec4b251fb24
  hyphen: 0618374e1736124fb19e616b2f646eed44b81872

PODFILE CHECKSUM: 7eb978b976557c8c1cd717d8185ec483fd090a82

COCOAPODS: 1.16.2
